
Microsoft Visual Studio Solution File, Format Version 12.00
# Visual Studio Version 17
VisualStudioVersion = 17.10.34928.147
MinimumVisualStudioVersion = 10.0.40219.1
Project("{FAE04EC0-301F-11D3-BF4B-00C04F79EFBC}") = "SchoolManagementApplication", "SchoolManagementApplication\SchoolManagementApplication.csproj", "{621E66B0-F3B6-42D0-B55D-A235AC696F1D}"
EndProject
Global
	GlobalSection(SolutionConfigurationPlatforms) = preSolution
		Debug|Any CPU = Debug|Any CPU
		Release|Any CPU = Release|Any CPU
	EndGlobalSection
	GlobalSection(ProjectConfigurationPlatforms) = postSolution
		{621E66B0-F3B6-42D0-B55D-A235AC696F1D}.Debug|Any CPU.ActiveCfg = Debug|Any CPU
		{621E66B0-F3B6-42D0-B55D-A235AC696F1D}.Debug|Any CPU.Build.0 = Debug|Any CPU
		{621E66B0-F3B6-42D0-B55D-A235AC696F1D}.Release|Any CPU.ActiveCfg = Release|Any CPU
		{621E66B0-F3B6-42D0-B55D-A235AC696F1D}.Release|Any CPU.Build.0 = Release|Any CPU
	EndGlobalSection
	GlobalSection(SolutionProperties) = preSolution
		HideSolutionNode = FALSE
	EndGlobalSection
	GlobalSection(ExtensibilityGlobals) = postSolution
		SolutionGuid = {AA2549B9-9209-4747-B98B-589B1679774C}
	EndGlobalSection
EndGlobal
